Microsoft Visual Studio Solution File, Format Version 11.00
# Visual Studio 2008

Project("{F01EECB6-FEB6-0A96-3EFD-C6EA4F521911}") = "E-Training SVN", "Assembly-CSharp.csproj", "{1095393E-2F22-F3C8-4C58-FFBC250FCC2E}"
EndProject
Project("{F01EECB6-FEB6-0A96-3EFD-C6EA4F521911}") = "E-Training SVN", "Assembly-CSharp-Editor.csproj", "{F0074654-7260-84A7-AB8E-E3110D78D4C4}"
EndProject
Project("{F01EECB6-FEB6-0A96-3EFD-C6EA4F521911}") = "E-Training SVN", "Assembly-UnityScript.unityproj", "{386EB610-9040-A184-4DC2-E96CB878EDA1}"
EndProject
Global
	GlobalSection(SolutionConfigurationPlatforms) = preSolution
		Debug|Any CPU = Debug|Any CPU
		Release|Any CPU = Release|Any CPU
	EndGlobalSection
	GlobalSection(ProjectConfigurationPlatforms) = postSolution
		{1095393E-2F22-F3C8-4C58-FFBC250FCC2E}.Debug|Any CPU.ActiveCfg = Debug|Any CPU
		{1095393E-2F22-F3C8-4C58-FFBC250FCC2E}.Debug|Any CPU.Build.0 = Debug|Any CPU
		{1095393E-2F22-F3C8-4C58-FFBC250FCC2E}.Release|Any CPU.ActiveCfg = Release|Any CPU
		{1095393E-2F22-F3C8-4C58-FFBC250FCC2E}.Release|Any CPU.Build.0 = Release|Any CPU
		{F0074654-7260-84A7-AB8E-E3110D78D4C4}.Debug|Any CPU.ActiveCfg = Debug|Any CPU
		{F0074654-7260-84A7-AB8E-E3110D78D4C4}.Debug|Any CPU.Build.0 = Debug|Any CPU
		{F0074654-7260-84A7-AB8E-E3110D78D4C4}.Release|Any CPU.ActiveCfg = Release|Any CPU
		{F0074654-7260-84A7-AB8E-E3110D78D4C4}.Release|Any CPU.Build.0 = Release|Any CPU
		{386EB610-9040-A184-4DC2-E96CB878EDA1}.Debug|Any CPU.ActiveCfg = Debug|Any CPU
		{386EB610-9040-A184-4DC2-E96CB878EDA1}.Debug|Any CPU.Build.0 = Debug|Any CPU
		{386EB610-9040-A184-4DC2-E96CB878EDA1}.Release|Any CPU.ActiveCfg = Release|Any CPU
		{386EB610-9040-A184-4DC2-E96CB878EDA1}.Release|Any CPU.Build.0 = Release|Any CPU
	EndGlobalSection
	GlobalSection(SolutionProperties) = preSolution
		HideSolutionNode = FALSE
	EndGlobalSection
																																																																				GlobalSection(MonoDevelopProperties) = preSolution
		StartupItem = Assembly-CSharp.csproj
		Policies = $0
		$0.TextStylePolicy = $1
		$1.inheritsSet = null
		$1.scope = text/x-csharp
		$0.CSharpFormattingPolicy = $2
		$2.inheritsSet = Mono
		$2.inheritsScope = text/x-csharp
		$2.scope = text/x-csharp
		$0.TextStylePolicy = $3
		$3.FileWidth = 120
		$3.TabWidth = 4
		$3.EolMarker = Unix
		$3.inheritsSet = Mono
		$3.inheritsScope = text/plain
		$3.scope = text/plain
	EndGlobalSection

EndGlobal
